
Microsoft Visual Studio Solution File, Format Version 12.00
# Visual Studio Version 17
VisualStudioVersion = 17.5.002.0
MinimumVisualStudioVersion = 10.0.40219.1
Project("{9A19103F-16F7-4668-BE54-9A1E7A4F7556}") = "BlazorCRUDApp.Client", "BlazorCRUDApp.Client.csproj", "{7F75812A-BFFD-4AF8-8AFE-496E723EC2F2}"
EndProject
Global
	GlobalSection(SolutionConfigurationPlatforms) = preSolution
		Debug|Any CPU = Debug|Any CPU
		Release|Any CPU = Release|Any CPU
	EndGlobalSection
	GlobalSection(ProjectConfigurationPlatforms) = postSolution
		{7F75812A-BFFD-4AF8-8AFE-496E723EC2F2}.Debug|Any CPU.ActiveCfg = Debug|Any CPU
		{7F75812A-BFFD-4AF8-8AFE-496E723EC2F2}.Debug|Any CPU.Build.0 = Debug|Any CPU
		{7F75812A-BFFD-4AF8-8AFE-496E723EC2F2}.Release|Any CPU.ActiveCfg = Release|Any CPU
		{7F75812A-BFFD-4AF8-8AFE-496E723EC2F2}.Release|Any CPU.Build.0 = Release|Any CPU
	EndGlobalSection
	GlobalSection(SolutionProperties) = preSolution
		HideSolutionNode = FALSE
	EndGlobalSection
	GlobalSection(ExtensibilityGlobals) = postSolution
		SolutionGuid = {113D4408-EB5D-448B-9DCB-515DFE517FEE}
	EndGlobalSection
EndGlobal
