
Microsoft Visual Studio Solution File, Format Version 12.00
# Visual Studio Version 17
VisualStudioVersion = 17.6.33829.357
MinimumVisualStudioVersion = 10.0.40219.1
Project("{FAE04EC0-301F-11D3-BF4B-00C04F79EFBC}") = "InnoXCollab.Web 3.0", "InnoXCollab.Web 3.0\InnoXCollab.Web 3.0.csproj", "{DFB089D8-AD5B-43AD-8EC2-7B5CD283A9D7}"
EndProject
Global
	GlobalSection(SolutionConfigurationPlatforms) = preSolution
		Debug|Any CPU = Debug|Any CPU
		Release|Any CPU = Release|Any CPU
	EndGlobalSection
	GlobalSection(ProjectConfigurationPlatforms) = postSolution
		{DFB089D8-AD5B-43AD-8EC2-7B5CD283A9D7}.Debug|Any CPU.ActiveCfg = Debug|Any CPU
		{DFB089D8-AD5B-43AD-8EC2-7B5CD283A9D7}.Debug|Any CPU.Build.0 = Debug|Any CPU
		{DFB089D8-AD5B-43AD-8EC2-7B5CD283A9D7}.Release|Any CPU.ActiveCfg = Release|Any CPU
		{DFB089D8-AD5B-43AD-8EC2-7B5CD283A9D7}.Release|Any CPU.Build.0 = Release|Any CPU
	EndGlobalSection
	GlobalSection(SolutionProperties) = preSolution
		HideSolutionNode = FALSE
	EndGlobalSection
	GlobalSection(ExtensibilityGlobals) = postSolution
		SolutionGuid = {AC6BA95A-6BEE-410C-BAC8-88AAD05961CD}
	EndGlobalSection
EndGlobal
